
Microsoft Visual Studio Solution File, Format Version 12.00
# Visual Studio Version 17
VisualStudioVersion = 17.8.34511.84
MinimumVisualStudioVersion = 10.0.40219.1
Project("{9A19103F-16F7-4668-BE54-9A1E7A4F7556}") = "Fixed Point Mathematics", "Fixed Point Mathematics\Fixed Point Mathematics.csproj", "{61AAB66E-E6BD-4B09-82E8-D7CA5ED8CBC1}"
EndProject
Project("{FAE04EC0-301F-11D3-BF4B-00C04F79EFBC}") = "Tests", "Tests\Tests.csproj", "{C397CB3C-D2BF-4FAD-8F20-83C834F62C8D}"
EndProject
Global
	GlobalSection(SolutionConfigurationPlatforms) = preSolution
		Debug|Any CPU = Debug|Any CPU
		Release|Any CPU = Release|Any CPU
	EndGlobalSection
	GlobalSection(ProjectConfigurationPlatforms) = postSolution
		{61AAB66E-E6BD-4B09-82E8-D7CA5ED8CBC1}.Debug|Any CPU.ActiveCfg = Debug|Any CPU
		{61AAB66E-E6BD-4B09-82E8-D7CA5ED8CBC1}.Debug|Any CPU.Build.0 = Debug|Any CPU
		{61AAB66E-E6BD-4B09-82E8-D7CA5ED8CBC1}.Release|Any CPU.ActiveCfg = Release|Any CPU
		{61AAB66E-E6BD-4B09-82E8-D7CA5ED8CBC1}.Release|Any CPU.Build.0 = Release|Any CPU
		{C397CB3C-D2BF-4FAD-8F20-83C834F62C8D}.Debug|Any CPU.ActiveCfg = Debug|Any CPU
		{C397CB3C-D2BF-4FAD-8F20-83C834F62C8D}.Debug|Any CPU.Build.0 = Debug|Any CPU
		{C397CB3C-D2BF-4FAD-8F20-83C834F62C8D}.Release|Any CPU.ActiveCfg = Release|Any CPU
		{C397CB3C-D2BF-4FAD-8F20-83C834F62C8D}.Release|Any CPU.Build.0 = Release|Any CPU
	EndGlobalSection
	GlobalSection(SolutionProperties) = preSolution
		HideSolutionNode = FALSE
	EndGlobalSection
	GlobalSection(ExtensibilityGlobals) = postSolution
		SolutionGuid = {E1EE5103-E75D-4ED3-B47C-90EF8BA27DC2}
	EndGlobalSection
EndGlobal
